
Microsoft Visual Studio Solution File, Format Version 12.00
# Visual Studio Version 16
VisualStudioVersion = 16.0.29411.108
MinimumVisualStudioVersion = 10.0.40219.1
Project("{FAE04EC0-301F-11D3-BF4B-00C04F79EFBC}") = "Gui-App", "Gui-App\Gui-App.csproj", "{56EA7E1E-1C5E-4BB8-B012-538FA8303BF3}"
EndProject
Project("{2150E333-8FDC-42A3-9474-1A3956D46DE8}") = "Solution Items", "Solution Items", "{77488AF7-8CCA-49DF-A353-16B33E76EA89}"
	ProjectSection(SolutionItems) = preProject
		Gui-App\GetApi.cs = Gui-App\GetApi.cs
	EndProjectSection
EndProject
Global
	GlobalSection(SolutionConfigurationPlatforms) = preSolution
		Debug|Any CPU = Debug|Any CPU
		Release|Any CPU = Release|Any CPU
	EndGlobalSection
	GlobalSection(ProjectConfigurationPlatforms) = postSolution
		{56EA7E1E-1C5E-4BB8-B012-538FA8303BF3}.Debug|Any CPU.ActiveCfg = Debug|Any CPU
		{56EA7E1E-1C5E-4BB8-B012-538FA8303BF3}.Debug|Any CPU.Build.0 = Debug|Any CPU
		{56EA7E1E-1C5E-4BB8-B012-538FA8303BF3}.Release|Any CPU.ActiveCfg = Release|Any CPU
		{56EA7E1E-1C5E-4BB8-B012-538FA8303BF3}.Release|Any CPU.Build.0 = Release|Any CPU
	EndGlobalSection
	GlobalSection(SolutionProperties) = preSolution
		HideSolutionNode = FALSE
	EndGlobalSection
	GlobalSection(ExtensibilityGlobals) = postSolution
		SolutionGuid = {9144101F-A070-4CF9-A9CD-43C3BC92822B}
	EndGlobalSection
EndGlobal
